{
    "_meta": {
        "hash": {
            "sha256": "95c6bc44f91a4dd679cb43ffb1a77a8ea9f8491308c367b7ec40937455325f96"
        },
        "pipfile-spec": 6,
        "requires": {
            "python_version": "3.13"
        },
        "sources": [
            {
                "name": "pypi",
                "url": "https://pypi.org/simple",
                "verify_ssl": true
            }
        ]
    },
    "default": {
        "marshmallow": {
            "hashes": [
                "sha256:3350409f20a70a7e4e11a27661187b77cdcaeb20abca41c1454fe33636bea09c",
                "sha256:e6d8affb6cb61d39d26402096dc0aee12d5a26d490a121f118d2e81dc0719dc6"
            ],
            "index": "pypi",
            "markers": "python_version >= '3.9'",
            "version": "==3.26.1"
        },
        "packaging": {
            "hashes": [
                "sha256:09abb1bccd265c01f4a3aa3f7a7db064b36514d2cba19a2f694fe6150451a759",
                "sha256:c228a6dc5e932d346bc5739379109d49e8853dd8223571c7c5b55260edc0b97f"
            ],
            "markers": "python_version >= '3.8'",
            "version": "==24.2"
        },
        "pip": {
            "hashes": [
                "sha256:88f96547ea48b940a3a385494e181e29fb8637898f88d88737c5049780f196ea",
                "sha256:c46efd13b6aa8279f33f2864459c8ce587ea6a1a59ee20de055868d8f7688f7f"
            ],
            "index": "pypi",
            "markers": "python_version >= '3.8'",
            "version": "==25.0.1"
        },
        "psycopg2-binary": {
            "hashes": [
                "sha256:04392983d0bb89a8717772a193cfaac58871321e3ec69514e1c4e0d4957b5aff",
                "sha256:056470c3dc57904bbf63d6f534988bafc4e970ffd50f6271fc4ee7daad9498a5",
                "sha256:0ea8e3d0ae83564f2fc554955d327fa081d065c8ca5cc6d2abb643e2c9c1200f",
                "sha256:155e69561d54d02b3c3209545fb08938e27889ff5a10c19de8d23eb5a41be8a5",
                "sha256:18c5ee682b9c6dd3696dad6e54cc7ff3a1a9020df6a5c0f861ef8bfd338c3ca0",
                "sha256:19721ac03892001ee8fdd11507e6a2e01f4e37014def96379411ca99d78aeb2c",
                "sha256:1a6784f0ce3fec4edc64e985865c17778514325074adf5ad8f80636cd029ef7c",
                "sha256:2286791ececda3a723d1910441c793be44625d86d1a4e79942751197f4d30341",
                "sha256:230eeae2d71594103cd5b93fd29d1ace6420d0b86f4778739cb1a5a32f607d1f",
                "sha256:245159e7ab20a71d989da00f280ca57da7641fa2cdcf71749c193cea540a74f7",
                "sha256:26540d4a9a4e2b096f1ff9cce51253d0504dca5a85872c7f7be23be5a53eb18d",
                "sha256:270934a475a0e4b6925b5f804e3809dd5f90f8613621d062848dd82f9cd62007",
                "sha256:27422aa5f11fbcd9b18da48373eb67081243662f9b46e6fd07c3eb46e4535142",
                "sha256:2ad26b467a405c798aaa1458ba09d7e2b6e5f96b1ce0ac15d82fd9f95dc38a92",
                "sha256:2b3d2491d4d78b6b14f76881905c7a8a8abcf974aad4a8a0b065273a0ed7a2cb",
                "sha256:2ce3e21dc3437b1d960521eca599d57408a695a0d3c26797ea0f72e834c7ffe5",
                "sha256:30e34c4e97964805f715206c7b789d54a78b70f3ff19fbe590104b71c45600e5",
                "sha256:3216ccf953b3f267691c90c6fe742e45d890d8272326b4a8b20850a03d05b7b8",
                "sha256:32581b3020c72d7a421009ee1c6bf4a131ef5f0a968fab2e2de0c9d2bb4577f1",
                "sha256:35958ec9e46432d9076286dda67942ed6d968b9c3a6a2fd62b48939d1d78bf68",
                "sha256:3abb691ff9e57d4a93355f60d4f4c1dd2d68326c968e7db17ea96df3c023ef73",
                "sha256:3c18f74eb4386bf35e92ab2354a12c17e5eb4d9798e4c0ad3a00783eae7cd9f1",
                "sha256:3c4745a90b78e51d9ba06e2088a2fe0c693ae19cc8cb051ccda44e8df8a6eb53",
                "sha256:3c4ded1a24b20021ebe677b7b08ad10bf09aac197d6943bfe6fec70ac4e4690d",
                "sha256:3e9c76f0ac6f92ecfc79516a8034a544926430f7b080ec5a0537bca389ee0906",
                "sha256:48b338f08d93e7be4ab2b5f1dbe69dc5e9ef07170fe1f86514422076d9c010d0",
                "sha256:4b3df0e6990aa98acda57d983942eff13d824135fe2250e6522edaa782a06de2",
                "sha256:512d29bb12608891e349af6a0cccedce51677725a921c07dba6342beaf576f9a",
                "sha256:5a507320c58903967ef7384355a4da7ff3f28132d679aeb23572753cbf2ec10b",
                "sha256:5c370b1e4975df846b0277b4deba86419ca77dbc25047f535b0bb03d1a544d44",
                "sha256:6b269105e59ac96aba877c1707c600ae55711d9dcd3fc4b5012e4af68e30c648",
                "sha256:6d4fa1079cab9018f4d0bd2db307beaa612b0d13ba73b5c6304b9fe2fb441ff7",
                "sha256:6dc08420625b5a20b53551c50deae6e231e6371194fa0651dbe0fb206452ae1f",
                "sha256:73aa0e31fa4bb82578f3a6c74a73c273367727de397a7a0f07bd83cbea696baa",
                "sha256:7559bce4b505762d737172556a4e6ea8a9998ecac1e39b5233465093e8cee697",
                "sha256:79625966e176dc97ddabc142351e0409e28acf4660b88d1cf6adb876d20c490d",
                "sha256:7a813c8bdbaaaab1f078014b9b0b13f5de757e2b5d9be6403639b298a04d218b",
                "sha256:7b2c956c028ea5de47ff3a8d6b3cc3330ab45cf0b7c3da35a2d6ff8420896526",
                "sha256:7f4152f8f76d2023aac16285576a9ecd2b11a9895373a1f10fd9db54b3ff06b4",
                "sha256:7f5d859928e635fa3ce3477704acee0f667b3a3d3e4bb109f2b18d4005f38287",
                "sha256:851485a42dbb0bdc1edcdabdb8557c09c9655dfa2ca0460ff210522e073e319e",
                "sha256:8608c078134f0b3cbd9f89b34bd60a943b23fd33cc5f065e8d5f840061bd0673",
                "sha256:880845dfe1f85d9d5f7c412efea7a08946a46894537e4e5d091732eb1d34d9a0",
                "sha256:8aabf1c1a04584c168984ac678a668094d831f152859d06e055288fa515e4d30",
                "sha256:8aecc5e80c63f7459a1a2ab2c64df952051df196294d9f739933a9f6687e86b3",
                "sha256:8cd9b4f2cfab88ed4a9106192de509464b75a906462fb846b936eabe45c2063e",
                "sha256:8de718c0e1c4b982a54b41779667242bc630b2197948405b7bd8ce16bcecac92",
                "sha256:9440fa522a79356aaa482aa4ba500b65f28e5d0e63b801abf6aa152a29bd842a",
                "sha256:b5f86c56eeb91dc3135b3fd8a95dc7ae14c538a2f3ad77a19645cf55bab1799c",
                "sha256:b73d6d7f0ccdad7bc43e6d34273f70d587ef62f824d7261c4ae9b8b1b6af90e8",
                "sha256:bb89f0a835bcfc1d42ccd5f41f04870c1b936d8507c6df12b7737febc40f0909",
                "sha256:c3cc28a6fd5a4a26224007712e79b81dbaee2ffb90ff406256158ec4d7b52b47",
                "sha256:ce5ab4bf46a211a8e924d307c1b1fcda82368586a19d0a24f8ae166f5c784864",
                "sha256:d00924255d7fc916ef66e4bf22f354a940c67179ad3fd7067d7a0a9c84d2fbfc",
                "sha256:d7cd730dfa7c36dbe8724426bf5612798734bff2d3c3857f36f2733f5bfc7c00",
                "sha256:e217ce4d37667df0bc1c397fdcd8de5e81018ef305aed9415c3b093faaeb10fb",
                "sha256:e3923c1d9870c49a2d44f795df0c889a22380d36ef92440ff618ec315757e539",
                "sha256:e5720a5d25e3b99cd0dc5c8a440570469ff82659bb09431c1439b92caf184d3b",
                "sha256:e8b58f0a96e7a1e341fc894f62c1177a7c83febebb5ff9123b579418fdc8a481",
                "sha256:e984839e75e0b60cfe75e351db53d6db750b00de45644c5d1f7ee5d1f34a1ce5",
                "sha256:eb09aa7f9cecb45027683bb55aebaaf45a0df8bf6de68801a6afdc7947bb09d4",
                "sha256:ec8a77f521a17506a24a5f626cb2aee7850f9b69a0afe704586f63a464f3cd64",
                "sha256:ecced182e935529727401b24d76634a357c71c9275b356efafd8a2a91ec07392",
                "sha256:ee0e8c683a7ff25d23b55b11161c2663d4b099770f6085ff0a20d4505778d6b4",
                "sha256:f0c2d907a1e102526dd2986df638343388b94c33860ff3bbe1384130828714b1",
                "sha256:f758ed67cab30b9a8d2833609513ce4d3bd027641673d4ebc9c067e4d208eec1",
                "sha256:f8157bed2f51db683f31306aa497311b560f2265998122abe1dce6428bd86567",
                "sha256:ffe8ed017e4ed70f68b7b371d84b7d4a790368db9203dfc2d222febd3a9c8863"
            ],
            "index": "pypi",
            "markers": "python_version >= '3.8'",
            "version": "==2.9.10"
        },
        "six": {
            "hashes": [
                "sha256:4721f391ed90541fddacab5acf947aa0d3dc7d27b2e1e8eda2be8970586c3274",
                "sha256:ff70335d468e7eb6ec65b95b99d3a2836546063f63acc5171de367e834932a81"
            ],
            "markers": "python_version >= '2.7' and python_version not in '3.0, 3.1, 3.2'",
            "version": "==1.17.0"
        },
        "sqlalchemy": {
            "hashes": [
                "sha256:018ee97c558b499b58935c5a152aeabf6d36b3d55d91656abeb6d93d663c0c4c",
                "sha256:01da15490c9df352fbc29859d3c7ba9cd1377791faeeb47c100832004c99472c",
                "sha256:04545042969833cb92e13b0a3019549d284fd2423f318b6ba10e7aa687690a3c",
                "sha256:06205eb98cb3dd52133ca6818bf5542397f1dd1b69f7ea28aa84413897380b06",
                "sha256:08cf721bbd4391a0e765fe0fe8816e81d9f43cece54fdb5ac465c56efafecb3d",
                "sha256:0d7e3866eb52d914aea50c9be74184a0feb86f9af8aaaa4daefe52b69378db0b",
                "sha256:125a7763b263218a80759ad9ae2f3610aaf2c2fbbd78fff088d584edf81f3782",
                "sha256:23c5aa33c01bd898f879db158537d7e7568b503b15aad60ea0c8da8109adf3e7",
                "sha256:2600a50d590c22d99c424c394236899ba72f849a02b10e65b4c70149606408b5",
                "sha256:2d7332868ce891eda48896131991f7f2be572d65b41a4050957242f8e935d5d7",
                "sha256:2ed107331d188a286611cea9022de0afc437dd2d3c168e368169f27aa0f61338",
                "sha256:3395e7ed89c6d264d38bea3bfb22ffe868f906a7985d03546ec7dc30221ea980",
                "sha256:344cd1ec2b3c6bdd5dfde7ba7e3b879e0f8dd44181f16b895940be9b842fd2b6",
                "sha256:34d5c49f18778a3665d707e6286545a30339ad545950773d43977e504815fa70",
                "sha256:35e72518615aa5384ef4fae828e3af1b43102458b74a8c481f69af8abf7e802a",
                "sha256:3eb14ba1a9d07c88669b7faf8f589be67871d6409305e73e036321d89f1d904e",
                "sha256:412c6c126369ddae171c13987b38df5122cb92015cba6f9ee1193b867f3f1530",
                "sha256:4600c7a659d381146e1160235918826c50c80994e07c5b26946a3e7ec6c99249",
                "sha256:463ecfb907b256e94bfe7bcb31a6d8c7bc96eca7cbe39803e448a58bb9fcad02",
                "sha256:4a06e6c8e31c98ddc770734c63903e39f1947c9e3e5e4bef515c5491b7737dde",
                "sha256:4b2de1523d46e7016afc7e42db239bd41f2163316935de7c84d0e19af7e69538",
                "sha256:4dabd775fd66cf17f31f8625fc0e4cfc5765f7982f94dc09b9e5868182cb71c0",
                "sha256:4eff9c270afd23e2746e921e80182872058a7a592017b2713f33f96cc5f82e32",
                "sha256:52607d0ebea43cf214e2ee84a6a76bc774176f97c5a774ce33277514875a718e",
                "sha256:533e0f66c32093a987a30df3ad6ed21170db9d581d0b38e71396c49718fbb1ca",
                "sha256:5493a8120d6fc185f60e7254fc056a6742f1db68c0f849cfc9ab46163c21df47",
                "sha256:5d2d1fe548def3267b4c70a8568f108d1fed7cbbeccb9cc166e05af2abc25c22",
                "sha256:5dfbc543578058c340360f851ddcecd7a1e26b0d9b5b69259b526da9edfa8875",
                "sha256:66a40003bc244e4ad86b72abb9965d304726d05a939e8c09ce844d27af9e6d37",
                "sha256:67de057fbcb04a066171bd9ee6bcb58738d89378ee3cabff0bffbf343ae1c787",
                "sha256:6827f8c1b2f13f1420545bd6d5b3f9e0b85fe750388425be53d23c760dcf176b",
                "sha256:6b35e07f1d57b79b86a7de8ecdcefb78485dab9851b9638c2c793c50203b2ae8",
                "sha256:7399d45b62d755e9ebba94eb89437f80512c08edde8c63716552a3aade61eb42",
                "sha256:788b6ff6728072b313802be13e88113c33696a9a1f2f6d634a97c20f7ef5ccce",
                "sha256:78f1b79132a69fe8bd6b5d91ef433c8eb40688ba782b26f8c9f3d2d9ca23626f",
                "sha256:79f4f502125a41b1b3b34449e747a6abfd52a709d539ea7769101696bdca6716",
                "sha256:7a8517b6d4005facdbd7eb4e8cf54797dbca100a7df459fdaff4c5123265c1cd",
                "sha256:7bd5c5ee1448b6408734eaa29c0d820d061ae18cb17232ce37848376dcfa3e92",
                "sha256:7f5243357e6da9a90c56282f64b50d29cba2ee1f745381174caacc50d501b109",
                "sha256:805cb481474e111ee3687c9047c5f3286e62496f09c0e82e8853338aaaa348f8",
                "sha256:871f55e478b5a648c08dd24af44345406d0e636ffe021d64c9b57a4a11518304",
                "sha256:87a1ce1f5e5dc4b6f4e0aac34e7bb535cb23bd4f5d9c799ed1633b65c2bcad8c",
                "sha256:8a10ca7f8a1ea0fd5630f02feb055b0f5cdfcd07bb3715fc1b6f8cb72bf114e4",
                "sha256:995c2bacdddcb640c2ca558e6760383dcdd68830160af92b5c6e6928ffd259b4",
                "sha256:9f03143f8f851dd8de6b0c10784363712058f38209e926723c80654c1b40327a",
                "sha256:a1c6b0a5e3e326a466d809b651c63f278b1256146a377a528b6938a279da334f",
                "sha256:a28f9c238f1e143ff42ab3ba27990dfb964e5d413c0eb001b88794c5c4a528a9",
                "sha256:b2cf5b5ddb69142511d5559c427ff00ec8c0919a1e6c09486e9c32636ea2b9dd",
                "sha256:b761a6847f96fdc2d002e29e9e9ac2439c13b919adfd64e8ef49e75f6355c548",
                "sha256:bf555f3e25ac3a70c67807b2949bfe15f377a40df84b71ab2c58d8593a1e036e",
                "sha256:c08a972cbac2a14810463aec3a47ff218bb00c1a607e6689b531a7c589c50723",
                "sha256:c457a38351fb6234781d054260c60e531047e4d07beca1889b558ff73dc2014b",
                "sha256:c4c433f78c2908ae352848f56589c02b982d0e741b7905228fad628999799de4",
                "sha256:d9f119e7736967c0ea03aff91ac7d04555ee038caf89bb855d93bbd04ae85b41",
                "sha256:e6b0a1c7ed54a5361aaebb910c1fa864bae34273662bb4ff788a527eafd6e14d",
                "sha256:f2bcb085faffcacf9319b1b1445a7e1cfdc6fb46c03f2dce7bc2d9a4b3c1cdc5",
                "sha256:fe193d3ae297c423e0e567e240b4324d6b6c280a048e64c77a3ea6886cc2aa87"
            ],
            "index": "pypi",
            "markers": "python_version >= '3.7'",
            "version": "==2.0.39"
        },
        "typing-extensions": {
            "hashes": [
                "sha256:04e5ca0351e0f3f85c6853954072df659d0d13fac324d0072316b67d7794700d",
                "sha256:1a7ead55c7e559dd4dee8856e3a88b41225abfe1ce8df57b7c13915fe121ffb8"
            ],
            "markers": "python_version >= '3.8'",
            "version": "==4.12.2"
        },
        "wxpython": {
            "hashes": [
                "sha256:008c55c60abb3dd66229e1849f10f6a7d5b9af9cc62de40fb9dec144686b5c4d",
                "sha256:0fe3cb940f5da4f0ec61c3cf37e63c0f577f09a7b9a5d3d7cfc59399eb18cb3b",
                "sha256:5298662b83792fa8e66e60fdc298dbc317fcf61c68facc506182c2914faef0db",
                "sha256:5d536110a674cb44ff6112d910b26fe6b062d670a6c3840a41036abfe83acc6b",
                "sha256:5dbcb0650f67fdc2c5965795a255ffaa3d7b09fb149aa8da2d0d9aa44e38e2ba",
                "sha256:68923029a7e236374002af25c14aa311922b80f8d63e1f088e6176e12640fa3e",
                "sha256:a1f506144173010ae3354980d1a1da6ffcaeed87f2b1be9eef43f60fc8faeaa4",
                "sha256:a391eacd10d0ba16333a186819307641803b0dc7a066d5fe4bd1c13f1cd2f44e",
                "sha256:a83bc118417b715ee8fd7143faaf51adaa041ccae22cc6de99bc7f7bb7fc44ef",
                "sha256:a8c58154e05bb63e7b45dfd0ee379d354dc3372199a858260575e2817908434f",
                "sha256:b68a4cc0e5b648a0856ffd399ce04e6b750d9dbfba325c4a1f6201dc8e9e4886",
                "sha256:c8d6509f5579732329df70070966a5d8152890e0213f9305801048f5e7408158",
                "sha256:c9310864b088d0f68d212360f261c8fec46a543c952da21805177519622b8524",
                "sha256:d8548ce4165e214601083d0d5767dba854a5e14f4e0ed4dbe56e2daf193a4575",
                "sha256:e3a6f0eebb8176135991851adbb1648da7f3beb0378752117c3b7ee05e8e55c6",
                "sha256:e5ba9b29f64b466d2926c4a5c5a1b624f635c20b1c23ba27064ac9216d858b90",
                "sha256:ea0cc206d40d6749f98f60eae2105382685e26bbf6c5a62a853543a0f3fd0ad7",
                "sha256:f63863d52272f8c841b22e7128a339b6d93f3e4d8307d98ea346fa1ec6fbc13b",
                "sha256:f7b879f29d91ef847c5e88bfb7c34a732a35f016896b1b7f87bc3e3d2d0a5a96"
            ],
            "index": "pypi",
            "version": "==4.2.2"
        }
    },
    "develop": {}
}
